
Microsoft Visual Studio Solution File, Format Version 12.00
# Visual Studio Version 17
VisualStudioVersion = 17.8.34330.188
MinimumVisualStudioVersion = 10.0.40219.1
Project("{9A19103F-16F7-4668-BE54-9A1E7A4F7556}") = "Game_Menager_Web", "Game_Menager_Web\Game_Menager_Web.csproj", "{3B19CE28-A1CE-4BAD-B3D4-F4C75E4F27A9}"
EndProject
Project("{9A19103F-16F7-4668-BE54-9A1E7A4F7556}") = "Game_Menager.Models", "Game_Menager.Models\Game_Menager.Models.csproj", "{7E2148BC-DD9E-4EE9-B132-FAA2EC1FAC53}"
EndProject
Project("{9A19103F-16F7-4668-BE54-9A1E7A4F7556}") = "Game_Menager.Utility", "Game_Menager.Utility\Game_Menager.Utility.csproj", "{A12450C8-1DBB-4B17-A2AF-BE9292BEE58B}"
EndProject
Project("{FAE04EC0-301F-11D3-BF4B-00C04F79EFBC}") = "Game_Menager.DataAccess", "Game_Menager.DataAccess\Game_Menager.DataAccess.csproj", "{3EAAEF2F-67A9-411E-BAC9-E7AD61931930}"
EndProject
Global
	GlobalSection(SolutionConfigurationPlatforms) = preSolution
		Debug|Any CPU = Debug|Any CPU
		Release|Any CPU = Release|Any CPU
	EndGlobalSection
	GlobalSection(ProjectConfigurationPlatforms) = postSolution
		{3B19CE28-A1CE-4BAD-B3D4-F4C75E4F27A9}.Debug|Any CPU.ActiveCfg = Debug|Any CPU
		{3B19CE28-A1CE-4BAD-B3D4-F4C75E4F27A9}.Debug|Any CPU.Build.0 = Debug|Any CPU
		{3B19CE28-A1CE-4BAD-B3D4-F4C75E4F27A9}.Release|Any CPU.ActiveCfg = Release|Any CPU
		{3B19CE28-A1CE-4BAD-B3D4-F4C75E4F27A9}.Release|Any CPU.Build.0 = Release|Any CPU
		{7E2148BC-DD9E-4EE9-B132-FAA2EC1FAC53}.Debug|Any CPU.ActiveCfg = Debug|Any CPU
		{7E2148BC-DD9E-4EE9-B132-FAA2EC1FAC53}.Debug|Any CPU.Build.0 = Debug|Any CPU
		{7E2148BC-DD9E-4EE9-B132-FAA2EC1FAC53}.Release|Any CPU.ActiveCfg = Release|Any CPU
		{7E2148BC-DD9E-4EE9-B132-FAA2EC1FAC53}.Release|Any CPU.Build.0 = Release|Any CPU
		{A12450C8-1DBB-4B17-A2AF-BE9292BEE58B}.Debug|Any CPU.ActiveCfg = Debug|Any CPU
		{A12450C8-1DBB-4B17-A2AF-BE9292BEE58B}.Debug|Any CPU.Build.0 = Debug|Any CPU
		{A12450C8-1DBB-4B17-A2AF-BE9292BEE58B}.Release|Any CPU.ActiveCfg = Release|Any CPU
		{A12450C8-1DBB-4B17-A2AF-BE9292BEE58B}.Release|Any CPU.Build.0 = Release|Any CPU
		{3EAAEF2F-67A9-411E-BAC9-E7AD61931930}.Debug|Any CPU.ActiveCfg = Debug|Any CPU
		{3EAAEF2F-67A9-411E-BAC9-E7AD61931930}.Debug|Any CPU.Build.0 = Debug|Any CPU
		{3EAAEF2F-67A9-411E-BAC9-E7AD61931930}.Release|Any CPU.ActiveCfg = Release|Any CPU
		{3EAAEF2F-67A9-411E-BAC9-E7AD61931930}.Release|Any CPU.Build.0 = Release|Any CPU
	EndGlobalSection
	GlobalSection(SolutionProperties) = preSolution
		HideSolutionNode = FALSE
	EndGlobalSection
	GlobalSection(ExtensibilityGlobals) = postSolution
		SolutionGuid = {916D10B3-BFD6-4370-B3A3-B72BCCE66389}
	EndGlobalSection
EndGlobal
